
Microsoft Visual Studio Solution File, Format Version 12.00
# Visual Studio 14
VisualStudioVersion = 14.0.25420.1
MinimumVisualStudioVersion = 10.0.40219.1
Project("{FAE04EC0-301F-11D3-BF4B-00C04F79EFBC}") = "LinkedIn.Web", "LinkedIn.Web\LinkedIn.Web.csproj", "{E19A67CE-DCB8-4769-981B-98A4862AABEB}"
EndProject
Project("{FAE04EC0-301F-11D3-BF4B-00C04F79EFBC}") = "Linkedin.DbContext", "Linkedin.DbContext\Linkedin.DbContext.csproj", "{02EE8DF9-A389-4D32-AA6A-F638BBCDB6A6}"
EndProject
Project("{FAE04EC0-301F-11D3-BF4B-00C04F79EFBC}") = "Linkedin.Models", "Linkedin.Models\Linkedin.Models.csproj", "{97417ADD-A8FF-496B-ACFD-53A79853D06B}"
EndProject
Project("{FAE04EC0-301F-11D3-BF4B-00C04F79EFBC}") = "LinkedIn.Core", "LinkedIn.Core\LinkedIn.Core.csproj", "{9EA1730F-29FB-47DA-B2BD-C258905B384E}"
EndProject
Project("{FAE04EC0-301F-11D3-BF4B-00C04F79EFBC}") = "LinkedIn.Repository", "LinnkedIn.Repository\LinkedIn.Repository.csproj", "{6A04012F-25A6-4384-AA5C-2B0EB3D383AA}"
EndProject
Global
	GlobalSection(SolutionConfigurationPlatforms) = preSolution
		Debug|Any CPU = Debug|Any CPU
		Release|Any CPU = Release|Any CPU
	EndGlobalSection
	GlobalSection(ProjectConfigurationPlatforms) = postSolution
		{E19A67CE-DCB8-4769-981B-98A4862AABEB}.Debug|Any CPU.ActiveCfg = Debug|Any CPU
		{E19A67CE-DCB8-4769-981B-98A4862AABEB}.Debug|Any CPU.Build.0 = Debug|Any CPU
		{E19A67CE-DCB8-4769-981B-98A4862AABEB}.Release|Any CPU.ActiveCfg = Release|Any CPU
		{E19A67CE-DCB8-4769-981B-98A4862AABEB}.Release|Any CPU.Build.0 = Release|Any CPU
		{02EE8DF9-A389-4D32-AA6A-F638BBCDB6A6}.Debug|Any CPU.ActiveCfg = Debug|Any CPU
		{02EE8DF9-A389-4D32-AA6A-F638BBCDB6A6}.Debug|Any CPU.Build.0 = Debug|Any CPU
		{02EE8DF9-A389-4D32-AA6A-F638BBCDB6A6}.Release|Any CPU.ActiveCfg = Release|Any CPU
		{02EE8DF9-A389-4D32-AA6A-F638BBCDB6A6}.Release|Any CPU.Build.0 = Release|Any CPU
		{97417ADD-A8FF-496B-ACFD-53A79853D06B}.Debug|Any CPU.ActiveCfg = Debug|Any CPU
		{97417ADD-A8FF-496B-ACFD-53A79853D06B}.Debug|Any CPU.Build.0 = Debug|Any CPU
		{97417ADD-A8FF-496B-ACFD-53A79853D06B}.Release|Any CPU.ActiveCfg = Release|Any CPU
		{97417ADD-A8FF-496B-ACFD-53A79853D06B}.Release|Any CPU.Build.0 = Release|Any CPU
		{9EA1730F-29FB-47DA-B2BD-C258905B384E}.Debug|Any CPU.ActiveCfg = Debug|Any CPU
		{9EA1730F-29FB-47DA-B2BD-C258905B384E}.Debug|Any CPU.Build.0 = Debug|Any CPU
		{9EA1730F-29FB-47DA-B2BD-C258905B384E}.Release|Any CPU.ActiveCfg = Release|Any CPU
		{9EA1730F-29FB-47DA-B2BD-C258905B384E}.Release|Any CPU.Build.0 = Release|Any CPU
		{6A04012F-25A6-4384-AA5C-2B0EB3D383AA}.Debug|Any CPU.ActiveCfg = Debug|Any CPU
		{6A04012F-25A6-4384-AA5C-2B0EB3D383AA}.Debug|Any CPU.Build.0 = Debug|Any CPU
		{6A04012F-25A6-4384-AA5C-2B0EB3D383AA}.Release|Any CPU.ActiveCfg = Release|Any CPU
		{6A04012F-25A6-4384-AA5C-2B0EB3D383AA}.Release|Any CPU.Build.0 = Release|Any CPU
	EndGlobalSection
	GlobalSection(SolutionProperties) = preSolution
		HideSolutionNode = FALSE
	EndGlobalSection
EndGlobal
